
Microsoft Visual Studio Solution File, Format Version 12.00
# Visual Studio 15
VisualStudioVersion = 15.0.28307.329
MinimumVisualStudioVersion = 10.0.40219.1
Project("{FAE04EC0-301F-11D3-BF4B-00C04F79EFBC}") = "Front", "Front\Front.csproj", "{CAEF0972-4046-477D-B0D4-4234187269B6}"
EndProject
Project("{FAE04EC0-301F-11D3-BF4B-00C04F79EFBC}") = "UrbaBase", "UrbaBase\UrbaBase.csproj", "{E70ED661-9A1B-40FD-AF59-BB7D28C66C2F}"
EndProject
Project("{FAE04EC0-301F-11D3-BF4B-00C04F79EFBC}") = "UrbaBot", "UrbaBot\UrbaBot.csproj", "{233BAFFC-8773-4F29-95BB-2DDB69E26308}"
EndProject
Project("{FAE04EC0-301F-11D3-BF4B-00C04F79EFBC}") = "UrbaBotService", "UrbaBotService\UrbaBotService.csproj", "{83ADC691-880A-480A-8F06-2948F04104F8}"
EndProject
Global
	GlobalSection(SolutionConfigurationPlatforms) = preSolution
		Debug|Any CPU = Debug|Any CPU
		Release|Any CPU = Release|Any CPU
	EndGlobalSection
	GlobalSection(ProjectConfigurationPlatforms) = postSolution
		{CAEF0972-4046-477D-B0D4-4234187269B6}.Debug|Any CPU.ActiveCfg = Debug|Any CPU
		{CAEF0972-4046-477D-B0D4-4234187269B6}.Debug|Any CPU.Build.0 = Debug|Any CPU
		{CAEF0972-4046-477D-B0D4-4234187269B6}.Release|Any CPU.ActiveCfg = Release|Any CPU
		{CAEF0972-4046-477D-B0D4-4234187269B6}.Release|Any CPU.Build.0 = Release|Any CPU
		{E70ED661-9A1B-40FD-AF59-BB7D28C66C2F}.Debug|Any CPU.ActiveCfg = Debug|Any CPU
		{E70ED661-9A1B-40FD-AF59-BB7D28C66C2F}.Debug|Any CPU.Build.0 = Debug|Any CPU
		{E70ED661-9A1B-40FD-AF59-BB7D28C66C2F}.Release|Any CPU.ActiveCfg = Release|Any CPU
		{E70ED661-9A1B-40FD-AF59-BB7D28C66C2F}.Release|Any CPU.Build.0 = Release|Any CPU
		{233BAFFC-8773-4F29-95BB-2DDB69E26308}.Debug|Any CPU.ActiveCfg = Debug|Any CPU
		{233BAFFC-8773-4F29-95BB-2DDB69E26308}.Debug|Any CPU.Build.0 = Debug|Any CPU
		{233BAFFC-8773-4F29-95BB-2DDB69E26308}.Release|Any CPU.ActiveCfg = Release|Any CPU
		{233BAFFC-8773-4F29-95BB-2DDB69E26308}.Release|Any CPU.Build.0 = Release|Any CPU
		{83ADC691-880A-480A-8F06-2948F04104F8}.Debug|Any CPU.ActiveCfg = Debug|Any CPU
		{83ADC691-880A-480A-8F06-2948F04104F8}.Debug|Any CPU.Build.0 = Debug|Any CPU
		{83ADC691-880A-480A-8F06-2948F04104F8}.Release|Any CPU.ActiveCfg = Release|Any CPU
		{83ADC691-880A-480A-8F06-2948F04104F8}.Release|Any CPU.Build.0 = Release|Any CPU
	EndGlobalSection
	GlobalSection(SolutionProperties) = preSolution
		HideSolutionNode = FALSE
	EndGlobalSection
	GlobalSection(ExtensibilityGlobals) = postSolution
		SolutionGuid = {108F7FC3-49D7-4A1E-857F-78CA2BC8639C}
	EndGlobalSection
EndGlobal
