
Microsoft Visual Studio Solution File, Format Version 12.00
# Visual Studio 15
VisualStudioVersion = 15.0.28307.329
MinimumVisualStudioVersion = 10.0.40219.1
Project("{FAE04EC0-301F-11D3-BF4B-00C04F79EFBC}") = "Urbaton", "Urbaton\Urbaton.csproj", "{6DFE7011-4829-4406-90FE-FFC30EEF0CD0}"
EndProject
Project("{9A19103F-16F7-4668-BE54-9A1E7A4F7556}") = "TelegrammAspMvcDotNetCoreBot", "TelegrammAspMvcDotNetCoreBot\TelegrammAspMvcDotNetCoreBot.csproj", "{D9B7A9A2-0E4D-495A-9297-7A9615B86EE5}"
EndProject
Global
	GlobalSection(SolutionConfigurationPlatforms) = preSolution
		Debug|Any CPU = Debug|Any CPU
		Release|Any CPU = Release|Any CPU
	EndGlobalSection
	GlobalSection(ProjectConfigurationPlatforms) = postSolution
		{6DFE7011-4829-4406-90FE-FFC30EEF0CD0}.Debug|Any CPU.ActiveCfg = Debug|Any CPU
		{6DFE7011-4829-4406-90FE-FFC30EEF0CD0}.Debug|Any CPU.Build.0 = Debug|Any CPU
		{6DFE7011-4829-4406-90FE-FFC30EEF0CD0}.Release|Any CPU.ActiveCfg = Release|Any CPU
		{6DFE7011-4829-4406-90FE-FFC30EEF0CD0}.Release|Any CPU.Build.0 = Release|Any CPU
		{D9B7A9A2-0E4D-495A-9297-7A9615B86EE5}.Debug|Any CPU.ActiveCfg = Debug|Any CPU
		{D9B7A9A2-0E4D-495A-9297-7A9615B86EE5}.Debug|Any CPU.Build.0 = Debug|Any CPU
		{D9B7A9A2-0E4D-495A-9297-7A9615B86EE5}.Release|Any CPU.ActiveCfg = Release|Any CPU
		{D9B7A9A2-0E4D-495A-9297-7A9615B86EE5}.Release|Any CPU.Build.0 = Release|Any CPU
	EndGlobalSection
	GlobalSection(SolutionProperties) = preSolution
		HideSolutionNode = FALSE
	EndGlobalSection
	GlobalSection(ExtensibilityGlobals) = postSolution
		SolutionGuid = {108F7FC3-49D7-4A1E-857F-78CA2BC8639C}
	EndGlobalSection
EndGlobal
